
Microsoft Visual Studio Solution File, Format Version 12.00
# Visual Studio 15
VisualStudioVersion = 15.0.26730.16
MinimumVisualStudioVersion = 10.0.40219.1
Project("{FAE04EC0-301F-11D3-BF4B-00C04F79EFBC}") = "KnotThatFast", "KnotThatFast\KnotThatFast.csproj", "{37EB6FE0-CA8A-4E9B-BDB0-4A31DAB43598}"
EndProject
Project("{FAE04EC0-301F-11D3-BF4B-00C04F79EFBC}") = "KnotTest", "KnotTest\KnotTest.csproj", "{384E17F4-78A3-4AB6-8850-E2DEA6351416}"
EndProject
Global
	GlobalSection(SolutionConfigurationPlatforms) = preSolution
		Debug|Any CPU = Debug|Any CPU
		Release|Any CPU = Release|Any CPU
	EndGlobalSection
	GlobalSection(ProjectConfigurationPlatforms) = postSolution
		{37EB6FE0-CA8A-4E9B-BDB0-4A31DAB43598}.Debug|Any CPU.ActiveCfg = Debug|Any CPU
		{37EB6FE0-CA8A-4E9B-BDB0-4A31DAB43598}.Debug|Any CPU.Build.0 = Debug|Any CPU
		{37EB6FE0-CA8A-4E9B-BDB0-4A31DAB43598}.Release|Any CPU.ActiveCfg = Release|Any CPU
		{37EB6FE0-CA8A-4E9B-BDB0-4A31DAB43598}.Release|Any CPU.Build.0 = Release|Any CPU
		{384E17F4-78A3-4AB6-8850-E2DEA6351416}.Debug|Any CPU.ActiveCfg = Debug|Any CPU
		{384E17F4-78A3-4AB6-8850-E2DEA6351416}.Debug|Any CPU.Build.0 = Debug|Any CPU
		{384E17F4-78A3-4AB6-8850-E2DEA6351416}.Release|Any CPU.ActiveCfg = Release|Any CPU
		{384E17F4-78A3-4AB6-8850-E2DEA6351416}.Release|Any CPU.Build.0 = Release|Any CPU
	EndGlobalSection
	GlobalSection(SolutionProperties) = preSolution
		HideSolutionNode = FALSE
	EndGlobalSection
	GlobalSection(ExtensibilityGlobals) = postSolution
		SolutionGuid = {4728AA19-D9B5-4B0A-8757-4E15EC3FAC50}
	EndGlobalSection
EndGlobal
